
Microsoft Visual Studio Solution File, Format Version 12.00
# Visual Studio 15
VisualStudioVersion = 15.0.28306.52
MinimumVisualStudioVersion = 10.0.40219.1
Project("{FAE04EC0-301F-11D3-BF4B-00C04F79EFBC}") = "Sağlık OCağı Hasta Takip Sistemi", "Sağlık OCağı Hasta Takip Sistemi\Sağlık OCağı Hasta Takip Sistemi.csproj", "{3113F84B-D588-46EB-9FF6-2E3CD7732C24}"
EndProject
Global
	GlobalSection(SolutionConfigurationPlatforms) = preSolution
		Debug|Any CPU = Debug|Any CPU
		Release|Any CPU = Release|Any CPU
	EndGlobalSection
	GlobalSection(ProjectConfigurationPlatforms) = postSolution
		{3113F84B-D588-46EB-9FF6-2E3CD7732C24}.Debug|Any CPU.ActiveCfg = Debug|Any CPU
		{3113F84B-D588-46EB-9FF6-2E3CD7732C24}.Debug|Any CPU.Build.0 = Debug|Any CPU
		{3113F84B-D588-46EB-9FF6-2E3CD7732C24}.Release|Any CPU.ActiveCfg = Release|Any CPU
		{3113F84B-D588-46EB-9FF6-2E3CD7732C24}.Release|Any CPU.Build.0 = Release|Any CPU
	EndGlobalSection
	GlobalSection(SolutionProperties) = preSolution
		HideSolutionNode = FALSE
	EndGlobalSection
	GlobalSection(ExtensibilityGlobals) = postSolution
		SolutionGuid = {4E567637-C3A0-4BD8-A2B8-D0A9804E6FE8}
	EndGlobalSection
EndGlobal
